
Microsoft Visual Studio Solution File, Format Version 12.00
# Visual Studio Version 17
VisualStudioVersion = 17.0.31903.59
MinimumVisualStudioVersion = 10.0.40219.1
Project("{2150E333-8FDC-42A3-9474-1A3956D46DE8}") = "src", "src", "{457E57E1-A43B-448D-8A42-132846EE69B4}"
EndProject
Project("{FAE04EC0-301F-11D3-BF4B-00C04F79EFBC}") = "Interview.Backend.Api", "src\Interview.Backend.Api\Interview.Backend.Api.csproj", "{CBF1A364-B094-4968-A0C4-EE59D725960E}"
EndProject
Project("{FAE04EC0-301F-11D3-BF4B-00C04F79EFBC}") = "Interview.Backend.Data", "src\Interview.Backend.Data\Interview.Backend.Data.csproj", "{32E1E067-3141-4128-B9D9-8A487028C2B1}"
EndProject
Project("{2150E333-8FDC-42A3-9474-1A3956D46DE8}") = "tests", "tests", "{8437A9E4-C7CB-465F-BAE2-F2E7A042E38C}"
EndProject
Project("{FAE04EC0-301F-11D3-BF4B-00C04F79EFBC}") = "Interview.Backend.Api.Tests", "tests\Interview.Backend.Api.Tests\Interview.Backend.Api.Tests.csproj", "{884A5012-AD81-4BA7-BCFA-101FFED43FA2}"
EndProject
Global
	GlobalSection(SolutionConfigurationPlatforms) = preSolution
		Debug|Any CPU = Debug|Any CPU
		Release|Any CPU = Release|Any CPU
	EndGlobalSection
	GlobalSection(SolutionProperties) = preSolution
		HideSolutionNode = FALSE
	EndGlobalSection
	GlobalSection(ProjectConfigurationPlatforms) = postSolution
		{CBF1A364-B094-4968-A0C4-EE59D725960E}.Debug|Any CPU.ActiveCfg = Debug|Any CPU
		{CBF1A364-B094-4968-A0C4-EE59D725960E}.Debug|Any CPU.Build.0 = Debug|Any CPU
		{CBF1A364-B094-4968-A0C4-EE59D725960E}.Release|Any CPU.ActiveCfg = Release|Any CPU
		{CBF1A364-B094-4968-A0C4-EE59D725960E}.Release|Any CPU.Build.0 = Release|Any CPU
		{32E1E067-3141-4128-B9D9-8A487028C2B1}.Debug|Any CPU.ActiveCfg = Debug|Any CPU
		{32E1E067-3141-4128-B9D9-8A487028C2B1}.Debug|Any CPU.Build.0 = Debug|Any CPU
		{32E1E067-3141-4128-B9D9-8A487028C2B1}.Release|Any CPU.ActiveCfg = Release|Any CPU
		{32E1E067-3141-4128-B9D9-8A487028C2B1}.Release|Any CPU.Build.0 = Release|Any CPU
		{884A5012-AD81-4BA7-BCFA-101FFED43FA2}.Debug|Any CPU.ActiveCfg = Debug|Any CPU
		{884A5012-AD81-4BA7-BCFA-101FFED43FA2}.Debug|Any CPU.Build.0 = Debug|Any CPU
		{884A5012-AD81-4BA7-BCFA-101FFED43FA2}.Release|Any CPU.ActiveCfg = Release|Any CPU
		{884A5012-AD81-4BA7-BCFA-101FFED43FA2}.Release|Any CPU.Build.0 = Release|Any CPU
	EndGlobalSection
	GlobalSection(NestedProjects) = preSolution
		{CBF1A364-B094-4968-A0C4-EE59D725960E} = {457E57E1-A43B-448D-8A42-132846EE69B4}
		{32E1E067-3141-4128-B9D9-8A487028C2B1} = {457E57E1-A43B-448D-8A42-132846EE69B4}
		{884A5012-AD81-4BA7-BCFA-101FFED43FA2} = {8437A9E4-C7CB-465F-BAE2-F2E7A042E38C}
	EndGlobalSection
EndGlobal
